// !$*UTF8*$!
{
	archiveVersion = 1;
	classes = {
	};
	objectVersion = 56;
	objects = {

/* Begin PBXBuildFile section */
		AB0000000000000000000004 /* AppSettings.swift in Sources */ = {isa = PBXBuildFile; fileRef = AB0000000000000000000003 /* AppSettings.swift */; };
		AB0000000000000000000006 /* VideoScopePadApp.swift in Sources */ = {isa = PBXBuildFile; fileRef = AB0000000000000000000005 /* VideoScopePadApp.swift */; };
		AB0000000000000000000009 /* AudioMonitor.swift in Sources */ = {isa = PBXBuildFile; fileRef = AB0000000000000000000008 /* AudioMonitor.swift */; };
		AB000000000000000000000B /* AVSyncMeter.swift in Sources */ = {isa = PBXBuildFile; fileRef = AB000000000000000000000A /* AVSyncMeter.swift */; };
		AB000000000000000000000E /* CaptureController.swift in Sources */ = {isa = PBXBuildFile; fileRef = AB000000000000000000000D /* CaptureController.swift */; };
		AB0000000000000000000010 /* CaptureModels.swift in Sources */ = {isa = PBXBuildFile; fileRef = AB000000000000000000000F /* CaptureModels.swift */; };
		AB0000000000000000000013 /* GeometryHelpers.swift in Sources */ = {isa = PBXBuildFile; fileRef = AB0000000000000000000012 /* GeometryHelpers.swift */; };
		AB0000000000000000000015 /* ScopeLayout.swift in Sources */ = {isa = PBXBuildFile; fileRef = AB0000000000000000000014 /* ScopeLayout.swift */; };
		AB0000000000000000000017 /* ScopeModels.swift in Sources */ = {isa = PBXBuildFile; fileRef = AB0000000000000000000016 /* ScopeModels.swift */; };
		AB000000000000000000001A /* FrameSignatureAnalyzer.swift in Sources */ = {isa = PBXBuildFile; fileRef = AB0000000000000000000019 /* FrameSignatureAnalyzer.swift */; };
		AB000000000000000000001C /* LUTCube.swift in Sources */ = {isa = PBXBuildFile; fileRef = AB000000000000000000001B /* LUTCube.swift */; };
		AB000000000000000000001E /* LUTStore.swift in Sources */ = {isa = PBXBuildFile; fileRef = AB000000000000000000001D /* LUTStore.swift */; };
		AB0000000000000000000020 /* LUTTextures.swift in Sources */ = {isa = PBXBuildFile; fileRef = AB000000000000000000001F /* LUTTextures.swift */; };
		AB0000000000000000000022 /* MetalContext.swift in Sources */ = {isa = PBXBuildFile; fileRef = AB0000000000000000000021 /* MetalContext.swift */; };
		AB0000000000000000000024 /* RenderCoordinator.swift in Sources */ = {isa = PBXBuildFile; fileRef = AB0000000000000000000023 /* RenderCoordinator.swift */; };
		AB0000000000000000000026 /* ScopeEngine.swift in Sources */ = {isa = PBXBuildFile; fileRef = AB0000000000000000000025 /* ScopeEngine.swift */; };
		AB0000000000000000000028 /* SignalMeasurement.swift in Sources */ = {isa = PBXBuildFile; fileRef = AB0000000000000000000027 /* SignalMeasurement.swift */; };
		AB000000000000000000002A /* VideoRenderer.swift in Sources */ = {isa = PBXBuildFile; fileRef = AB0000000000000000000029 /* VideoRenderer.swift */; };
		AB000000000000000000002D /* Assets.xcassets in Resources */ = {isa = PBXBuildFile; fileRef = AB000000000000000000002C /* Assets.xcassets */; };
		AB0000000000000000000030 /* DisplayShaders.metal in Sources */ = {isa = PBXBuildFile; fileRef = AB000000000000000000002F /* DisplayShaders.metal */; };
		AB0000000000000000000032 /* ScopeKernels.metal in Sources */ = {isa = PBXBuildFile; fileRef = AB0000000000000000000031 /* ScopeKernels.metal */; };
		AB0000000000000000000037 /* MeasurementLog.swift in Sources */ = {isa = PBXBuildFile; fileRef = AB0000000000000000000036 /* MeasurementLog.swift */; };
		AB0000000000000000000039 /* MP4Recorder.swift in Sources */ = {isa = PBXBuildFile; fileRef = AB0000000000000000000038 /* MP4Recorder.swift */; };
		AB000000000000000000003B /* NetworkDiagnostics.swift in Sources */ = {isa = PBXBuildFile; fileRef = AB000000000000000000003A /* NetworkDiagnostics.swift */; };
		AB000000000000000000003D /* StreamController.swift in Sources */ = {isa = PBXBuildFile; fileRef = AB000000000000000000003C /* StreamController.swift */; };
		AB000000000000000000003F /* StreamEndpoint.swift in Sources */ = {isa = PBXBuildFile; fileRef = AB000000000000000000003E /* StreamEndpoint.swift */; };
		AB0000000000000000000041 /* StreamMetrics.swift in Sources */ = {isa = PBXBuildFile; fileRef = AB0000000000000000000040 /* StreamMetrics.swift */; };
		AB0000000000000000000043 /* StreamTransport.swift in Sources */ = {isa = PBXBuildFile; fileRef = AB0000000000000000000042 /* StreamTransport.swift */; };
		AB0000000000000000000045 /* VideoEncoder.swift in Sources */ = {isa = PBXBuildFile; fileRef = AB0000000000000000000044 /* VideoEncoder.swift */; };
		AB0000000000000000000048 /* AudioMeterView.swift in Sources */ = {isa = PBXBuildFile; fileRef = AB0000000000000000000047 /* AudioMeterView.swift */; };
		AB000000000000000000004A /* AudioPhaseView.swift in Sources */ = {isa = PBXBuildFile; fileRef = AB0000000000000000000049 /* AudioPhaseView.swift */; };
		AB000000000000000000004C /* ContentView.swift in Sources */ = {isa = PBXBuildFile; fileRef = AB000000000000000000004B /* ContentView.swift */; };
		AB000000000000000000004E /* ControlBar.swift in Sources */ = {isa = PBXBuildFile; fileRef = AB000000000000000000004D /* ControlBar.swift */; };
		AB0000000000000000000050 /* Controls.swift in Sources */ = {isa = PBXBuildFile; fileRef = AB000000000000000000004F /* Controls.swift */; };
		AB0000000000000000000052 /* LayoutDebugOverlay.swift in Sources */ = {isa = PBXBuildFile; fileRef = AB0000000000000000000051 /* LayoutDebugOverlay.swift */; };
		AB0000000000000000000054 /* MonitorSurface.swift in Sources */ = {isa = PBXBuildFile; fileRef = AB0000000000000000000053 /* MonitorSurface.swift */; };
		AB0000000000000000000056 /* ScopeGraticuleView.swift in Sources */ = {isa = PBXBuildFile; fileRef = AB0000000000000000000055 /* ScopeGraticuleView.swift */; };
		AB0000000000000000000058 /* SettingsSheet.swift in Sources */ = {isa = PBXBuildFile; fileRef = AB0000000000000000000057 /* SettingsSheet.swift */; };
		AB000000000000000000005A /* StreamPanelView.swift in Sources */ = {isa = PBXBuildFile; fileRef = AB0000000000000000000059 /* StreamPanelView.swift */; };
		AB000000000000000000005C /* StreamStatsView.swift in Sources */ = {isa = PBXBuildFile; fileRef = AB000000000000000000005B /* StreamStatsView.swift */; };
		AB000000000000000000005E /* TopStatusBar.swift in Sources */ = {isa = PBXBuildFile; fileRef = AB000000000000000000005D /* TopStatusBar.swift */; };
		AB000000000000000000006F /* HaishinKit in Frameworks */ = {isa = PBXBuildFile; productRef = AB000000000000000000006E /* HaishinKit */; };
		AB0000000000000000000071 /* RTMPHaishinKit in Frameworks */ = {isa = PBXBuildFile; productRef = AB0000000000000000000070 /* RTMPHaishinKit */; };
		AB0000000000000000000073 /* SRTHaishinKit in Frameworks */ = {isa = PBXBuildFile; productRef = AB0000000000000000000072 /* SRTHaishinKit */; };
/* End PBXBuildFile section */

/* Begin PBXFileReference section */
		AB0000000000000000000061 /* VideoScopePad.app */ = {isa = PBXFileReference; explicitFileType = wrapper.application; includeInIndex = 0; path = VideoScopePad.app; sourceTree = BUILT_PRODUCTS_DIR; };
		AB0000000000000000000003 /* AppSettings.swift */ = {isa = PBXFileReference; lastKnownFileType = sourcecode.swift; path = AppSettings.swift; sourceTree = "<group>"; };
		AB0000000000000000000005 /* VideoScopePadApp.swift */ = {isa = PBXFileReference; lastKnownFileType = sourcecode.swift; path = VideoScopePadApp.swift; sourceTree = "<group>"; };
		AB0000000000000000000008 /* AudioMonitor.swift */ = {isa = PBXFileReference; lastKnownFileType = sourcecode.swift; path = AudioMonitor.swift; sourceTree = "<group>"; };
		AB000000000000000000000A /* AVSyncMeter.swift */ = {isa = PBXFileReference; lastKnownFileType = sourcecode.swift; path = AVSyncMeter.swift; sourceTree = "<group>"; };
		AB000000000000000000000D /* CaptureController.swift */ = {isa = PBXFileReference; lastKnownFileType = sourcecode.swift; path = CaptureController.swift; sourceTree = "<group>"; };
		AB000000000000000000000F /* CaptureModels.swift */ = {isa = PBXFileReference; lastKnownFileType = sourcecode.swift; path = CaptureModels.swift; sourceTree = "<group>"; };
		AB0000000000000000000012 /* GeometryHelpers.swift */ = {isa = PBXFileReference; lastKnownFileType = sourcecode.swift; path = GeometryHelpers.swift; sourceTree = "<group>"; };
		AB0000000000000000000014 /* ScopeLayout.swift */ = {isa = PBXFileReference; lastKnownFileType = sourcecode.swift; path = ScopeLayout.swift; sourceTree = "<group>"; };
		AB0000000000000000000016 /* ScopeModels.swift */ = {isa = PBXFileReference; lastKnownFileType = sourcecode.swift; path = ScopeModels.swift; sourceTree = "<group>"; };
		AB0000000000000000000019 /* FrameSignatureAnalyzer.swift */ = {isa = PBXFileReference; lastKnownFileType = sourcecode.swift; path = FrameSignatureAnalyzer.swift; sourceTree = "<group>"; };
		AB000000000000000000001B /* LUTCube.swift */ = {isa = PBXFileReference; lastKnownFileType = sourcecode.swift; path = LUTCube.swift; sourceTree = "<group>"; };
		AB000000000000000000001D /* LUTStore.swift */ = {isa = PBXFileReference; lastKnownFileType = sourcecode.swift; path = LUTStore.swift; sourceTree = "<group>"; };
		AB000000000000000000001F /* LUTTextures.swift */ = {isa = PBXFileReference; lastKnownFileType = sourcecode.swift; path = LUTTextures.swift; sourceTree = "<group>"; };
		AB0000000000000000000021 /* MetalContext.swift */ = {isa = PBXFileReference; lastKnownFileType = sourcecode.swift; path = MetalContext.swift; sourceTree = "<group>"; };
		AB0000000000000000000023 /* RenderCoordinator.swift */ = {isa = PBXFileReference; lastKnownFileType = sourcecode.swift; path = RenderCoordinator.swift; sourceTree = "<group>"; };
		AB0000000000000000000025 /* ScopeEngine.swift */ = {isa = PBXFileReference; lastKnownFileType = sourcecode.swift; path = ScopeEngine.swift; sourceTree = "<group>"; };
		AB0000000000000000000027 /* SignalMeasurement.swift */ = {isa = PBXFileReference; lastKnownFileType = sourcecode.swift; path = SignalMeasurement.swift; sourceTree = "<group>"; };
		AB0000000000000000000029 /* VideoRenderer.swift */ = {isa = PBXFileReference; lastKnownFileType = sourcecode.swift; path = VideoRenderer.swift; sourceTree = "<group>"; };
		AB000000000000000000002C /* Assets.xcassets */ = {isa = PBXFileReference; lastKnownFileType = folder.assetcatalog; path = Assets.xcassets; sourceTree = "<group>"; };
		AB000000000000000000002F /* DisplayShaders.metal */ = {isa = PBXFileReference; lastKnownFileType = sourcecode.metal; path = DisplayShaders.metal; sourceTree = "<group>"; };
		AB0000000000000000000031 /* ScopeKernels.metal */ = {isa = PBXFileReference; lastKnownFileType = sourcecode.metal; path = ScopeKernels.metal; sourceTree = "<group>"; };
		AB0000000000000000000033 /* ShaderTypes.h */ = {isa = PBXFileReference; lastKnownFileType = sourcecode.c.h; path = ShaderTypes.h; sourceTree = "<group>"; };
		AB0000000000000000000034 /* VideoScopePad-Bridging-Header.h */ = {isa = PBXFileReference; lastKnownFileType = sourcecode.c.h; path = "VideoScopePad-Bridging-Header.h"; sourceTree = "<group>"; };
		AB0000000000000000000036 /* MeasurementLog.swift */ = {isa = PBXFileReference; lastKnownFileType = sourcecode.swift; path = MeasurementLog.swift; sourceTree = "<group>"; };
		AB0000000000000000000038 /* MP4Recorder.swift */ = {isa = PBXFileReference; lastKnownFileType = sourcecode.swift; path = MP4Recorder.swift; sourceTree = "<group>"; };
		AB000000000000000000003A /* NetworkDiagnostics.swift */ = {isa = PBXFileReference; lastKnownFileType = sourcecode.swift; path = NetworkDiagnostics.swift; sourceTree = "<group>"; };
		AB000000000000000000003C /* StreamController.swift */ = {isa = PBXFileReference; lastKnownFileType = sourcecode.swift; path = StreamController.swift; sourceTree = "<group>"; };
		AB000000000000000000003E /* StreamEndpoint.swift */ = {isa = PBXFileReference; lastKnownFileType = sourcecode.swift; path = StreamEndpoint.swift; sourceTree = "<group>"; };
		AB0000000000000000000040 /* StreamMetrics.swift */ = {isa = PBXFileReference; lastKnownFileType = sourcecode.swift; path = StreamMetrics.swift; sourceTree = "<group>"; };
		AB0000000000000000000042 /* StreamTransport.swift */ = {isa = PBXFileReference; lastKnownFileType = sourcecode.swift; path = StreamTransport.swift; sourceTree = "<group>"; };
		AB0000000000000000000044 /* VideoEncoder.swift */ = {isa = PBXFileReference; lastKnownFileType = sourcecode.swift; path = VideoEncoder.swift; sourceTree = "<group>"; };
		AB0000000000000000000047 /* AudioMeterView.swift */ = {isa = PBXFileReference; lastKnownFileType = sourcecode.swift; path = AudioMeterView.swift; sourceTree = "<group>"; };
		AB0000000000000000000049 /* AudioPhaseView.swift */ = {isa = PBXFileReference; lastKnownFileType = sourcecode.swift; path = AudioPhaseView.swift; sourceTree = "<group>"; };
		AB000000000000000000004B /* ContentView.swift */ = {isa = PBXFileReference; lastKnownFileType = sourcecode.swift; path = ContentView.swift; sourceTree = "<group>"; };
		AB000000000000000000004D /* ControlBar.swift */ = {isa = PBXFileReference; lastKnownFileType = sourcecode.swift; path = ControlBar.swift; sourceTree = "<group>"; };
		AB000000000000000000004F /* Controls.swift */ = {isa = PBXFileReference; lastKnownFileType = sourcecode.swift; path = Controls.swift; sourceTree = "<group>"; };
		AB0000000000000000000051 /* LayoutDebugOverlay.swift */ = {isa = PBXFileReference; lastKnownFileType = sourcecode.swift; path = LayoutDebugOverlay.swift; sourceTree = "<group>"; };
		AB0000000000000000000053 /* MonitorSurface.swift */ = {isa = PBXFileReference; lastKnownFileType = sourcecode.swift; path = MonitorSurface.swift; sourceTree = "<group>"; };
		AB0000000000000000000055 /* ScopeGraticuleView.swift */ = {isa = PBXFileReference; lastKnownFileType = sourcecode.swift; path = ScopeGraticuleView.swift; sourceTree = "<group>"; };
		AB0000000000000000000057 /* SettingsSheet.swift */ = {isa = PBXFileReference; lastKnownFileType = sourcecode.swift; path = SettingsSheet.swift; sourceTree = "<group>"; };
		AB0000000000000000000059 /* StreamPanelView.swift */ = {isa = PBXFileReference; lastKnownFileType = sourcecode.swift; path = StreamPanelView.swift; sourceTree = "<group>"; };
		AB000000000000000000005B /* StreamStatsView.swift */ = {isa = PBXFileReference; lastKnownFileType = sourcecode.swift; path = StreamStatsView.swift; sourceTree = "<group>"; };
		AB000000000000000000005D /* TopStatusBar.swift */ = {isa = PBXFileReference; lastKnownFileType = sourcecode.swift; path = TopStatusBar.swift; sourceTree = "<group>"; };
/* End PBXFileReference section */

/* Begin PBXFrameworksBuildPhase section */
		AB0000000000000000000066 /* Frameworks */ = {
			isa = PBXFrameworksBuildPhase;
			buildActionMask = 2147483647;
			files = (
				AB000000000000000000006F /* HaishinKit in Frameworks */,
				AB0000000000000000000071 /* RTMPHaishinKit in Frameworks */,
				AB0000000000000000000073 /* SRTHaishinKit in Frameworks */,
			);
			runOnlyForDeploymentPostprocessing = 0;
		};
/* End PBXFrameworksBuildPhase section */

/* Begin PBXGroup section */
		AB0000000000000000000062 = {
			isa = PBXGroup;
			children = (
				AB0000000000000000000001 /* VideoScopePad */,
				AB0000000000000000000063 /* Products */,
			);
			sourceTree = "<group>";
		};
		AB0000000000000000000063 /* Products */ = {
			isa = PBXGroup;
			children = (
				AB0000000000000000000061 /* VideoScopePad.app */,
			);
			name = Products;
			sourceTree = "<group>";
		};
		AB0000000000000000000002 /* App */ = {
			isa = PBXGroup;
			children = (
				AB0000000000000000000003 /* AppSettings.swift */,
				AB0000000000000000000005 /* VideoScopePadApp.swift */,
			);
			path = App;
			sourceTree = "<group>";
		};
		AB0000000000000000000007 /* Audio */ = {
			isa = PBXGroup;
			children = (
				AB0000000000000000000008 /* AudioMonitor.swift */,
				AB000000000000000000000A /* AVSyncMeter.swift */,
			);
			path = Audio;
			sourceTree = "<group>";
		};
		AB000000000000000000000C /* Capture */ = {
			isa = PBXGroup;
			children = (
				AB000000000000000000000D /* CaptureController.swift */,
				AB000000000000000000000F /* CaptureModels.swift */,
			);
			path = Capture;
			sourceTree = "<group>";
		};
		AB0000000000000000000011 /* Model */ = {
			isa = PBXGroup;
			children = (
				AB0000000000000000000012 /* GeometryHelpers.swift */,
				AB0000000000000000000014 /* ScopeLayout.swift */,
				AB0000000000000000000016 /* ScopeModels.swift */,
			);
			path = Model;
			sourceTree = "<group>";
		};
		AB0000000000000000000018 /* Render */ = {
			isa = PBXGroup;
			children = (
				AB0000000000000000000019 /* FrameSignatureAnalyzer.swift */,
				AB000000000000000000001B /* LUTCube.swift */,
				AB000000000000000000001D /* LUTStore.swift */,
				AB000000000000000000001F /* LUTTextures.swift */,
				AB0000000000000000000021 /* MetalContext.swift */,
				AB0000000000000000000023 /* RenderCoordinator.swift */,
				AB0000000000000000000025 /* ScopeEngine.swift */,
				AB0000000000000000000027 /* SignalMeasurement.swift */,
				AB0000000000000000000029 /* VideoRenderer.swift */,
			);
			path = Render;
			sourceTree = "<group>";
		};
		AB000000000000000000002B /* Resources */ = {
			isa = PBXGroup;
			children = (
				AB000000000000000000002C /* Assets.xcassets */,
			);
			path = Resources;
			sourceTree = "<group>";
		};
		AB000000000000000000002E /* Shaders */ = {
			isa = PBXGroup;
			children = (
				AB000000000000000000002F /* DisplayShaders.metal */,
				AB0000000000000000000031 /* ScopeKernels.metal */,
				AB0000000000000000000033 /* ShaderTypes.h */,
				AB0000000000000000000034 /* VideoScopePad-Bridging-Header.h */,
			);
			path = Shaders;
			sourceTree = "<group>";
		};
		AB0000000000000000000035 /* Stream */ = {
			isa = PBXGroup;
			children = (
				AB0000000000000000000036 /* MeasurementLog.swift */,
				AB0000000000000000000038 /* MP4Recorder.swift */,
				AB000000000000000000003A /* NetworkDiagnostics.swift */,
				AB000000000000000000003C /* StreamController.swift */,
				AB000000000000000000003E /* StreamEndpoint.swift */,
				AB0000000000000000000040 /* StreamMetrics.swift */,
				AB0000000000000000000042 /* StreamTransport.swift */,
				AB0000000000000000000044 /* VideoEncoder.swift */,
			);
			path = Stream;
			sourceTree = "<group>";
		};
		AB0000000000000000000046 /* Views */ = {
			isa = PBXGroup;
			children = (
				AB0000000000000000000047 /* AudioMeterView.swift */,
				AB0000000000000000000049 /* AudioPhaseView.swift */,
				AB000000000000000000004B /* ContentView.swift */,
				AB000000000000000000004D /* ControlBar.swift */,
				AB000000000000000000004F /* Controls.swift */,
				AB0000000000000000000051 /* LayoutDebugOverlay.swift */,
				AB0000000000000000000053 /* MonitorSurface.swift */,
				AB0000000000000000000055 /* ScopeGraticuleView.swift */,
				AB0000000000000000000057 /* SettingsSheet.swift */,
				AB0000000000000000000059 /* StreamPanelView.swift */,
				AB000000000000000000005B /* StreamStatsView.swift */,
				AB000000000000000000005D /* TopStatusBar.swift */,
			);
			path = Views;
			sourceTree = "<group>";
		};
		AB0000000000000000000001 /* VideoScopePad */ = {
			isa = PBXGroup;
			children = (
				AB0000000000000000000002 /* App */,
				AB0000000000000000000007 /* Audio */,
				AB000000000000000000000C /* Capture */,
				AB0000000000000000000011 /* Model */,
				AB0000000000000000000018 /* Render */,
				AB000000000000000000002B /* Resources */,
				AB000000000000000000002E /* Shaders */,
				AB0000000000000000000035 /* Stream */,
				AB0000000000000000000046 /* Views */,
			);
			path = VideoScopePad;
			sourceTree = "<group>";
		};
/* End PBXGroup section */

/* Begin PBXNativeTarget section */
		AB0000000000000000000060 /* VideoScopePad */ = {
			isa = PBXNativeTarget;
			buildConfigurationList = AB0000000000000000000068 /* Build configuration list for PBXNativeTarget "VideoScopePad" */;
			buildPhases = (
				AB0000000000000000000064 /* Sources */,
				AB0000000000000000000066 /* Frameworks */,
				AB0000000000000000000065 /* Resources */,
			);
			buildRules = (
			);
			dependencies = (
			);
			name = VideoScopePad;
			packageProductDependencies = (
				AB000000000000000000006E /* HaishinKit */,
				AB0000000000000000000070 /* RTMPHaishinKit */,
				AB0000000000000000000072 /* SRTHaishinKit */,
			);
			productName = VideoScopePad;
			productReference = AB0000000000000000000061 /* VideoScopePad.app */;
			productType = "com.apple.product-type.application";
		};
/* End PBXNativeTarget section */

/* Begin PBXProject section */
		AB000000000000000000005F /* Project object */ = {
			isa = PBXProject;
			attributes = {
				BuildIndependentTargetsInParallel = 1;
				LastSwiftUpdateCheck = 1600;
				LastUpgradeCheck = 1600;
				TargetAttributes = {
					AB0000000000000000000060 = {
						CreatedOnToolsVersion = 16.0;
					};
				};
			};
			buildConfigurationList = AB0000000000000000000067 /* Build configuration list for PBXProject "VideoScopePad" */;
			compatibilityVersion = "Xcode 14.0";
			developmentRegion = en;
			hasScannedForEncodings = 0;
			knownRegions = (
				en,
				Base,
				"zh-Hans",
			);
			mainGroup = AB0000000000000000000062;
			packageReferences = (
				AB000000000000000000006D /* XCRemoteSwiftPackageReference "HaishinKit.swift" */,
			);
			productRefGroup = AB0000000000000000000063 /* Products */;
			projectDirPath = "";
			projectRoot = "";
			targets = (
				AB0000000000000000000060 /* VideoScopePad */,
			);
		};
/* End PBXProject section */

/* Begin PBXResourcesBuildPhase section */
		AB0000000000000000000065 /* Resources */ = {
			isa = PBXResourcesBuildPhase;
			buildActionMask = 2147483647;
			files = (
				AB000000000000000000002D /* Assets.xcassets in Resources */,
			);
			runOnlyForDeploymentPostprocessing = 0;
		};
/* End PBXResourcesBuildPhase section */

/* Begin PBXSourcesBuildPhase section */
		AB0000000000000000000064 /* Sources */ = {
			isa = PBXSourcesBuildPhase;
			buildActionMask = 2147483647;
			files = (
				AB0000000000000000000004 /* AppSettings.swift in Sources */,
				AB0000000000000000000006 /* VideoScopePadApp.swift in Sources */,
				AB0000000000000000000009 /* AudioMonitor.swift in Sources */,
				AB000000000000000000000B /* AVSyncMeter.swift in Sources */,
				AB000000000000000000000E /* CaptureController.swift in Sources */,
				AB0000000000000000000010 /* CaptureModels.swift in Sources */,
				AB0000000000000000000013 /* GeometryHelpers.swift in Sources */,
				AB0000000000000000000015 /* ScopeLayout.swift in Sources */,
				AB0000000000000000000017 /* ScopeModels.swift in Sources */,
				AB000000000000000000001A /* FrameSignatureAnalyzer.swift in Sources */,
				AB000000000000000000001C /* LUTCube.swift in Sources */,
				AB000000000000000000001E /* LUTStore.swift in Sources */,
				AB0000000000000000000020 /* LUTTextures.swift in Sources */,
				AB0000000000000000000022 /* MetalContext.swift in Sources */,
				AB0000000000000000000024 /* RenderCoordinator.swift in Sources */,
				AB0000000000000000000026 /* ScopeEngine.swift in Sources */,
				AB0000000000000000000028 /* SignalMeasurement.swift in Sources */,
				AB000000000000000000002A /* VideoRenderer.swift in Sources */,
				AB0000000000000000000030 /* DisplayShaders.metal in Sources */,
				AB0000000000000000000032 /* ScopeKernels.metal in Sources */,
				AB0000000000000000000037 /* MeasurementLog.swift in Sources */,
				AB0000000000000000000039 /* MP4Recorder.swift in Sources */,
				AB000000000000000000003B /* NetworkDiagnostics.swift in Sources */,
				AB000000000000000000003D /* StreamController.swift in Sources */,
				AB000000000000000000003F /* StreamEndpoint.swift in Sources */,
				AB0000000000000000000041 /* StreamMetrics.swift in Sources */,
				AB0000000000000000000043 /* StreamTransport.swift in Sources */,
				AB0000000000000000000045 /* VideoEncoder.swift in Sources */,
				AB0000000000000000000048 /* AudioMeterView.swift in Sources */,
				AB000000000000000000004A /* AudioPhaseView.swift in Sources */,
				AB000000000000000000004C /* ContentView.swift in Sources */,
				AB000000000000000000004E /* ControlBar.swift in Sources */,
				AB0000000000000000000050 /* Controls.swift in Sources */,
				AB0000000000000000000052 /* LayoutDebugOverlay.swift in Sources */,
				AB0000000000000000000054 /* MonitorSurface.swift in Sources */,
				AB0000000000000000000056 /* ScopeGraticuleView.swift in Sources */,
				AB0000000000000000000058 /* SettingsSheet.swift in Sources */,
				AB000000000000000000005A /* StreamPanelView.swift in Sources */,
				AB000000000000000000005C /* StreamStatsView.swift in Sources */,
				AB000000000000000000005E /* TopStatusBar.swift in Sources */,
			);
			runOnlyForDeploymentPostprocessing = 0;
		};
/* End PBXSourcesBuildPhase section */

/* Begin XCRemoteSwiftPackageReference section */
		AB000000000000000000006D /* XCRemoteSwiftPackageReference "HaishinKit.swift" */ = {
			isa = XCRemoteSwiftPackageReference;
			repositoryURL = "https://github.com/HaishinKit/HaishinKit.swift";
			requirement = {
				kind = upToNextMajorVersion;
				minimumVersion = 2.2.5;
			};
		};
/* End XCRemoteSwiftPackageReference section */

/* Begin XCSwiftPackageProductDependency section */
		AB000000000000000000006E /* HaishinKit */ = {
			isa = XCSwiftPackageProductDependency;
			package = AB000000000000000000006D /* XCRemoteSwiftPackageReference "HaishinKit.swift" */;
			productName = HaishinKit;
		};
		AB0000000000000000000070 /* RTMPHaishinKit */ = {
			isa = XCSwiftPackageProductDependency;
			package = AB000000000000000000006D /* XCRemoteSwiftPackageReference "HaishinKit.swift" */;
			productName = RTMPHaishinKit;
		};
		AB0000000000000000000072 /* SRTHaishinKit */ = {
			isa = XCSwiftPackageProductDependency;
			package = AB000000000000000000006D /* XCRemoteSwiftPackageReference "HaishinKit.swift" */;
			productName = SRTHaishinKit;
		};
/* End XCSwiftPackageProductDependency section */

/* Begin XCBuildConfiguration section */
		AB0000000000000000000069 /* Debug */ = {
			isa = XCBuildConfiguration;
			buildSettings = {
    ALWAYS_SEARCH_USER_PATHS = NO;
    CLANG_ANALYZER_NONNULL = YES;
    CLANG_CXX_LANGUAGE_STANDARD = "gnu++20";
    CLANG_ENABLE_MODULES = YES;
    CLANG_ENABLE_OBJC_ARC = YES;
    CLANG_WARN_BOOL_CONVERSION = YES;
    CLANG_WARN_DOCUMENTATION_COMMENTS = YES;
    CLANG_WARN_EMPTY_BODY = YES;
    CLANG_WARN_UNREACHABLE_CODE = YES;
    COPY_PHASE_STRIP = NO;
    DEBUG_INFORMATION_FORMAT = dwarf;
    ENABLE_STRICT_OBJC_MSGSEND = YES;
    ENABLE_TESTABILITY = YES;
    ENABLE_USER_SCRIPT_SANDBOXING = YES;
    GCC_C_LANGUAGE_STANDARD = gnu17;
    GCC_DYNAMIC_NO_PIC = NO;
    GCC_NO_COMMON_BLOCKS = YES;
    GCC_OPTIMIZATION_LEVEL = 0;
    GCC_PREPROCESSOR_DEFINITIONS = ("DEBUG=1", "$(inherited)");
    GCC_WARN_UNINITIALIZED_AUTOS = YES;
    IPHONEOS_DEPLOYMENT_TARGET = 17.0;
    MTL_ENABLE_DEBUG_INFO = INCLUDE_SOURCE;
    MTL_FAST_MATH = YES;
    ONLY_ACTIVE_ARCH = YES;
    SDKROOT = iphoneos;
    SWIFT_ACTIVE_COMPILATION_CONDITIONS = "DEBUG $(inherited)";
    SWIFT_EMIT_LOC_STRINGS = YES;
    SWIFT_OPTIMIZATION_LEVEL = "-Onone";
			};
			name = Debug;
		};
		AB000000000000000000006A /* Release */ = {
			isa = XCBuildConfiguration;
			buildSettings = {
    ALWAYS_SEARCH_USER_PATHS = NO;
    CLANG_ANALYZER_NONNULL = YES;
    CLANG_CXX_LANGUAGE_STANDARD = "gnu++20";
    CLANG_ENABLE_MODULES = YES;
    CLANG_ENABLE_OBJC_ARC = YES;
    CLANG_WARN_BOOL_CONVERSION = YES;
    CLANG_WARN_DOCUMENTATION_COMMENTS = YES;
    CLANG_WARN_EMPTY_BODY = YES;
    CLANG_WARN_UNREACHABLE_CODE = YES;
    COPY_PHASE_STRIP = NO;
    DEBUG_INFORMATION_FORMAT = "dwarf-with-dsym";
    ENABLE_NS_ASSERTIONS = NO;
    ENABLE_STRICT_OBJC_MSGSEND = YES;
    ENABLE_USER_SCRIPT_SANDBOXING = YES;
    GCC_C_LANGUAGE_STANDARD = gnu17;
    GCC_NO_COMMON_BLOCKS = YES;
    GCC_WARN_UNINITIALIZED_AUTOS = YES;
    IPHONEOS_DEPLOYMENT_TARGET = 17.0;
    MTL_ENABLE_DEBUG_INFO = NO;
    MTL_FAST_MATH = YES;
    SDKROOT = iphoneos;
    SWIFT_COMPILATION_MODE = wholemodule;
    SWIFT_EMIT_LOC_STRINGS = YES;
    SWIFT_OPTIMIZATION_LEVEL = "-O";
    VALIDATE_PRODUCT = YES;
			};
			name = Release;
		};
		AB000000000000000000006B /* Debug */ = {
			isa = XCBuildConfiguration;
			buildSettings = {
    ASSETCATALOG_COMPILER_APPICON_NAME = AppIcon;
    ASSETCATALOG_COMPILER_GLOBAL_ACCENT_COLOR_NAME = AccentColor;
    CODE_SIGN_STYLE = Automatic;
    CURRENT_PROJECT_VERSION = 1;
    ENABLE_PREVIEWS = YES;
    GENERATE_INFOPLIST_FILE = YES;
    INFOPLIST_KEY_CFBundleDisplayName = VideoScopePad;
    INFOPLIST_KEY_LSSupportsOpeningDocumentsInPlace = YES;
    INFOPLIST_KEY_NSCameraUsageDescription = "需要访问外接 UVC 采集卡来显示画面、示波器与做 LUT 预览。";
    INFOPLIST_KEY_NSLocalNetworkUsageDescription = "推流需要连接局域网内的 RTMP / SRT 服务器（例如 192.168.x.x），请允许访问本地网络。";
    INFOPLIST_KEY_NSMicrophoneUsageDescription = "用于显示音频电平（音柱）与测量声画延时（识别测试信号中的千周声）。";
    INFOPLIST_KEY_NSPhotoLibraryAddUsageDescription = "用于把抓帧的画面保存到相册。";
    INFOPLIST_KEY_UIApplicationSupportsIndirectInputEvents = YES;
    INFOPLIST_KEY_UIFileSharingEnabled = YES;
    INFOPLIST_KEY_UILaunchScreen_Generation = YES;
    INFOPLIST_KEY_UIRequiresFullScreen = NO;
    INFOPLIST_KEY_UIStatusBarStyle = UIStatusBarStyleLightContent;
    INFOPLIST_KEY_UISupportedInterfaceOrientations = "UIInterfaceOrientationLandscapeLeft UIInterfaceOrientationLandscapeRight UIInterfaceOrientationPortrait UIInterfaceOrientationPortraitUpsideDown";
    INFOPLIST_KEY_UISupportedInterfaceOrientations_iPad = "UIInterfaceOrientationPortrait UIInterfaceOrientationPortraitUpsideDown UIInterfaceOrientationLandscapeLeft UIInterfaceOrientationLandscapeRight";
    IPHONEOS_DEPLOYMENT_TARGET = 17.0;
    MARKETING_VERSION = 1.9.0;
    MTL_HEADER_SEARCH_PATHS = "$(SRCROOT)/VideoScopePad/Shaders";
    PRODUCT_BUNDLE_IDENTIFIER = com.videoscopepad.app;
    PRODUCT_NAME = "$(TARGET_NAME)";
    SWIFT_EMIT_LOC_STRINGS = YES;
    SWIFT_OBJC_BRIDGING_HEADER = "VideoScopePad/Shaders/VideoScopePad-Bridging-Header.h";
    SWIFT_STRICT_CONCURRENCY = minimal;
    SWIFT_VERSION = 5.0;
    TARGETED_DEVICE_FAMILY = "1,2";
			};
			name = Debug;
		};
		AB000000000000000000006C /* Release */ = {
			isa = XCBuildConfiguration;
			buildSettings = {
    ASSETCATALOG_COMPILER_APPICON_NAME = AppIcon;
    ASSETCATALOG_COMPILER_GLOBAL_ACCENT_COLOR_NAME = AccentColor;
    CODE_SIGN_STYLE = Automatic;
    CURRENT_PROJECT_VERSION = 1;
    ENABLE_PREVIEWS = YES;
    GENERATE_INFOPLIST_FILE = YES;
    INFOPLIST_KEY_CFBundleDisplayName = VideoScopePad;
    INFOPLIST_KEY_LSSupportsOpeningDocumentsInPlace = YES;
    INFOPLIST_KEY_NSCameraUsageDescription = "需要访问外接 UVC 采集卡来显示画面、示波器与做 LUT 预览。";
    INFOPLIST_KEY_NSLocalNetworkUsageDescription = "推流需要连接局域网内的 RTMP / SRT 服务器（例如 192.168.x.x），请允许访问本地网络。";
    INFOPLIST_KEY_NSMicrophoneUsageDescription = "用于显示音频电平（音柱）与测量声画延时（识别测试信号中的千周声）。";
    INFOPLIST_KEY_NSPhotoLibraryAddUsageDescription = "用于把抓帧的画面保存到相册。";
    INFOPLIST_KEY_UIApplicationSupportsIndirectInputEvents = YES;
    INFOPLIST_KEY_UIFileSharingEnabled = YES;
    INFOPLIST_KEY_UILaunchScreen_Generation = YES;
    INFOPLIST_KEY_UIRequiresFullScreen = NO;
    INFOPLIST_KEY_UIStatusBarStyle = UIStatusBarStyleLightContent;
    INFOPLIST_KEY_UISupportedInterfaceOrientations = "UIInterfaceOrientationLandscapeLeft UIInterfaceOrientationLandscapeRight UIInterfaceOrientationPortrait UIInterfaceOrientationPortraitUpsideDown";
    INFOPLIST_KEY_UISupportedInterfaceOrientations_iPad = "UIInterfaceOrientationPortrait UIInterfaceOrientationPortraitUpsideDown UIInterfaceOrientationLandscapeLeft UIInterfaceOrientationLandscapeRight";
    IPHONEOS_DEPLOYMENT_TARGET = 17.0;
    MARKETING_VERSION = 1.9.0;
    MTL_HEADER_SEARCH_PATHS = "$(SRCROOT)/VideoScopePad/Shaders";
    PRODUCT_BUNDLE_IDENTIFIER = com.videoscopepad.app;
    PRODUCT_NAME = "$(TARGET_NAME)";
    SWIFT_EMIT_LOC_STRINGS = YES;
    SWIFT_OBJC_BRIDGING_HEADER = "VideoScopePad/Shaders/VideoScopePad-Bridging-Header.h";
    SWIFT_STRICT_CONCURRENCY = minimal;
    SWIFT_VERSION = 5.0;
    TARGETED_DEVICE_FAMILY = "1,2";
			};
			name = Release;
		};
/* End XCBuildConfiguration section */

/* Begin XCConfigurationList section */
		AB0000000000000000000067 /* Build configuration list for PBXProject "VideoScopePad" */ = {
			isa = XCConfigurationList;
			buildConfigurations = (
				AB0000000000000000000069 /* Debug */,
				AB000000000000000000006A /* Release */,
			);
			defaultConfigurationIsVisible = 0;
			defaultConfigurationName = Release;
		};
		AB0000000000000000000068 /* Build configuration list for PBXNativeTarget "VideoScopePad" */ = {
			isa = XCConfigurationList;
			buildConfigurations = (
				AB000000000000000000006B /* Debug */,
				AB000000000000000000006C /* Release */,
			);
			defaultConfigurationIsVisible = 0;
			defaultConfigurationName = Release;
		};
/* End XCConfigurationList section */

	};
	rootObject = AB000000000000000000005F /* Project object */;
}
